// !$*UTF8*$!
{
	archiveVersion = 1;
	classes = {
	};
	objectVersion = 50;
	objects = {

/* Begin PBXBuildFile section */
		207A9F282265EF2F00AE7168 /* BrainTests.swift in Sources */ = {isa = PBXBuildFile; fileRef = 207A9F272265EF2F00AE7168 /* BrainTests.swift */; };
		207A9F2A2265F0AF00AE7168 /* Brain.swift in Sources */ = {isa = PBXBuildFile; fileRef = 207A9F292265F0AF00AE7168 /* Brain.swift */; };
		20BD2E772265E97C00BB4899 /* AppDelegate.swift in Sources */ = {isa = PBXBuildFile; fileRef = 20BD2E762265E97C00BB4899 /* AppDelegate.swift */; };
		20BD2E792265E97C00BB4899 /* ViewController.swift in Sources */ = {isa = PBXBuildFile; fileRef = 20BD2E782265E97C00BB4899 /* ViewController.swift */; };
		20BD2E7C2265E97C00BB4899 /* Main.storyboard in Resources */ = {isa = PBXBuildFile; fileRef = 20BD2E7A2265E97C00BB4899 /* Main.storyboard */; };
		20BD2E7E2265E97E00BB4899 /* Assets.xcassets in Resources */ = {isa = PBXBuildFile; fileRef = 20BD2E7D2265E97E00BB4899 /* Assets.xcassets */; };
		20BD2E812265E97E00BB4899 /* LaunchScreen.storyboard in Resources */ = {isa = PBXBuildFile; fileRef = 20BD2E7F2265E97E00BB4899 /* LaunchScreen.storyboard */; };
		20BD2E972265E97E00BB4899 /* FizzBuzzUITests.swift in Sources */ = {isa = PBXBuildFile; fileRef = 20BD2E962265E97E00BB4899 /* FizzBuzzUITests.swift */; };
/* End PBXBuildFile section */

/* Begin PBXContainerItemProxy section */
		20BD2E882265E97E00BB4899 /* PBXContainerItemProxy */ = {
			isa = PBXContainerItemProxy;
			containerPortal = 20BD2E6B2265E97C00BB4899 /* Project object */;
			proxyType = 1;
			remoteGlobalIDString = 20BD2E722265E97C00BB4899;
			remoteInfo = FizzBuzz;
		};
		20BD2E932265E97E00BB4899 /* PBXContainerItemProxy */ = {
			isa = PBXContainerItemProxy;
			containerPortal = 20BD2E6B2265E97C00BB4899 /* Project object */;
			proxyType = 1;
			remoteGlobalIDString = 20BD2E722265E97C00BB4899;
			remoteInfo = FizzBuzz;
		};
/* End PBXContainerItemProxy section */

/* Begin PBXFileReference section */
		207A9F272265EF2F00AE7168 /* BrainTests.swift */ = {isa = PBXFileReference; lastKnownFileType = sourcecode.swift; path = BrainTests.swift; sourceTree = "<group>"; };
		207A9F292265F0AF00AE7168 /* Brain.swift */ = {isa = PBXFileReference; lastKnownFileType = sourcecode.swift; path = Brain.swift; sourceTree = "<group>"; };
		20BD2E732265E97C00BB4899 /* FizzBuzz.app */ = {isa = PBXFileReference; explicitFileType = wrapper.application; includeInIndex = 0; path = FizzBuzz.app; sourceTree = BUILT_PRODUCTS_DIR; };
		20BD2E762265E97C00BB4899 /* AppDelegate.swift */ = {isa = PBXFileReference; lastKnownFileType = sourcecode.swift; path = AppDelegate.swift; sourceTree = "<group>"; };
		20BD2E782265E97C00BB4899 /* ViewController.swift */ = {isa = PBXFileReference; lastKnownFileType = sourcecode.swift; path = ViewController.swift; sourceTree = "<group>"; };
		20BD2E7B2265E97C00BB4899 /* Base */ = {isa = PBXFileReference; lastKnownFileType = file.storyboard; name = Base; path = Base.lproj/Main.storyboard; sourceTree = "<group>"; };
		20BD2E7D2265E97E00BB4899 /* Assets.xcassets */ = {isa = PBXFileReference; lastKnownFileType = folder.assetcatalog; path = Assets.xcassets; sourceTree = "<group>"; };
		20BD2E802265E97E00BB4899 /* Base */ = {isa = PBXFileReference; lastKnownFileType = file.storyboard; name = Base; path = Base.lproj/LaunchScreen.storyboard; sourceTree = "<group>"; };
		20BD2E822265E97E00BB4899 /* Info.plist */ = {isa = PBXFileReference; lastKnownFileType = text.plist.xml; path = Info.plist; sourceTree = "<group>"; };
		20BD2E872265E97E00BB4899 /* FizzBuzzTests.xctest */ = {isa = PBXFileReference; explicitFileType = wrapper.cfbundle; includeInIndex = 0; path = FizzBuzzTests.xctest; sourceTree = BUILT_PRODUCTS_DIR; };
		20BD2E8D2265E97E00BB4899 /* Info.plist */ = {isa = PBXFileReference; lastKnownFileType = text.plist.xml; path = Info.plist; sourceTree = "<group>"; };
		20BD2E922265E97E00BB4899 /* FizzBuzzUITests.xctest */ = {isa = PBXFileReference; explicitFileType = wrapper.cfbundle; includeInIndex = 0; path = FizzBuzzUITests.xctest; sourceTree = BUILT_PRODUCTS_DIR; };
		20BD2E962265E97E00BB4899 /* FizzBuzzUITests.swift */ = {isa = PBXFileReference; lastKnownFileType = sourcecode.swift; path = FizzBuzzUITests.swift; sourceTree = "<group>"; };
		20BD2E982265E97E00BB4899 /* Info.plist */ = {isa = PBXFileReference; lastKnownFileType = text.plist.xml; path = Info.plist; sourceTree = "<group>"; };
/* End PBXFileReference section */

/* Begin PBXFrameworksBuildPhase section */
		20BD2E702265E97C00BB4899 /* Frameworks */ = {
			isa = PBXFrameworksBuildPhase;
			buildActionMask = 2147483647;
			files = (
			);
			runOnlyForDeploymentPostprocessing = 0;
		};
		20BD2E842265E97E00BB4899 /* Frameworks */ = {
			isa = PBXFrameworksBuildPhase;
			buildActionMask = 2147483647;
			files = (
			);
			runOnlyForDeploymentPostprocessing = 0;
		};
		20BD2E8F2265E97E00BB4899 /* Frameworks */ = {
			isa = PBXFrameworksBuildPhase;
			buildActionMask = 2147483647;
			files = (
			);
			runOnlyForDeploymentPostprocessing = 0;
		};
/* End PBXFrameworksBuildPhase section */

/* Begin PBXGroup section */
		20BD2E6A2265E97C00BB4899 = {
			isa = PBXGroup;
			children = (
				20BD2E752265E97C00BB4899 /* FizzBuzz */,
				20BD2E8A2265E97E00BB4899 /* FizzBuzzTests */,
				20BD2E952265E97E00BB4899 /* FizzBuzzUITests */,
				20BD2E742265E97C00BB4899 /* Products */,
			);
			sourceTree = "<group>";
		};
		20BD2E742265E97C00BB4899 /* Products */ = {
			isa = PBXGroup;
			children = (
				20BD2E732265E97C00BB4899 /* FizzBuzz.app */,
				20BD2E872265E97E00BB4899 /* FizzBuzzTests.xctest */,
				20BD2E922265E97E00BB4899 /* FizzBuzzUITests.xctest */,
			);
			name = Products;
			sourceTree = "<group>";
		};
		20BD2E752265E97C00BB4899 /* FizzBuzz */ = {
			isa = PBXGroup;
			children = (
				20BD2E762265E97C00BB4899 /* AppDelegate.swift */,
				20BD2E782265E97C00BB4899 /* ViewController.swift */,
				20BD2E7A2265E97C00BB4899 /* Main.storyboard */,
				20BD2E7D2265E97E00BB4899 /* Assets.xcassets */,
				20BD2E7F2265E97E00BB4899 /* LaunchScreen.storyboard */,
				20BD2E822265E97E00BB4899 /* Info.plist */,
				207A9F292265F0AF00AE7168 /* Brain.swift */,
			);
			path = FizzBuzz;
			sourceTree = "<group>";
		};
		20BD2E8A2265E97E00BB4899 /* FizzBuzzTests */ = {
			isa = PBXGroup;
			children = (
				20BD2E8D2265E97E00BB4899 /* Info.plist */,
				207A9F272265EF2F00AE7168 /* BrainTests.swift */,
			);
			path = FizzBuzzTests;
			sourceTree = "<group>";
		};
		20BD2E952265E97E00BB4899 /* FizzBuzzUITests */ = {
			isa = PBXGroup;
			children = (
				20BD2E962265E97E00BB4899 /* FizzBuzzUITests.swift */,
				20BD2E982265E97E00BB4899 /* Info.plist */,
			);
			path = FizzBuzzUITests;
			sourceTree = "<group>";
		};
/* End PBXGroup section */

/* Begin PBXNativeTarget section */
		20BD2E722265E97C00BB4899 /* FizzBuzz */ = {
			isa = PBXNativeTarget;
			buildConfigurationList = 20BD2E9B2265E97E00BB4899 /* Build configuration list for PBXNativeTarget "FizzBuzz" */;
			buildPhases = (
				20BD2E6F2265E97C00BB4899 /* Sources */,
				20BD2E702265E97C00BB4899 /* Frameworks */,
				20BD2E712265E97C00BB4899 /* Resources */,
			);
			buildRules = (
			);
			dependencies = (
			);
			name = FizzBuzz;
			productName = FizzBuzz;
			productReference = 20BD2E732265E97C00BB4899 /* FizzBuzz.app */;
			productType = "com.apple.product-type.application";
		};
		20BD2E862265E97E00BB4899 /* FizzBuzzTests */ = {
			isa = PBXNativeTarget;
			buildConfigurationList = 20BD2E9E2265E97E00BB4899 /* Build configuration list for PBXNativeTarget "FizzBuzzTests" */;
			buildPhases = (
				20BD2E832265E97E00BB4899 /* Sources */,
				20BD2E842265E97E00BB4899 /* Frameworks */,
				20BD2E852265E97E00BB4899 /* Resources */,
			);
			buildRules = (
			);
			dependencies = (
				20BD2E892265E97E00BB4899 /* PBXTargetDependency */,
			);
			name = FizzBuzzTests;
			productName = FizzBuzzTests;
			productReference = 20BD2E872265E97E00BB4899 /* FizzBuzzTests.xctest */;
			productType = "com.apple.product-type.bundle.unit-test";
		};
		20BD2E912265E97E00BB4899 /* FizzBuzzUITests */ = {
			isa = PBXNativeTarget;
			buildConfigurationList = 20BD2EA12265E97E00BB4899 /* Build configuration list for PBXNativeTarget "FizzBuzzUITests" */;
			buildPhases = (
				20BD2E8E2265E97E00BB4899 /* Sources */,
				20BD2E8F2265E97E00BB4899 /* Frameworks */,
				20BD2E902265E97E00BB4899 /* Resources */,
			);
			buildRules = (
			);
			dependencies = (
				20BD2E942265E97E00BB4899 /* PBXTargetDependency */,
			);
			name = FizzBuzzUITests;
			productName = FizzBuzzUITests;
			productReference = 20BD2E922265E97E00BB4899 /* FizzBuzzUITests.xctest */;
			productType = "com.apple.product-type.bundle.ui-testing";
		};
/* End PBXNativeTarget section */

/* Begin PBXProject section */
		20BD2E6B2265E97C00BB4899 /* Project object */ = {
			isa = PBXProject;
			attributes = {
				LastSwiftUpdateCheck = 1020;
				LastUpgradeCheck = 1020;
				ORGANIZATIONNAME = "Maria Vanaale";
				TargetAttributes = {
					20BD2E722265E97C00BB4899 = {
						CreatedOnToolsVersion = 10.2;
					};
					20BD2E862265E97E00BB4899 = {
						CreatedOnToolsVersion = 10.2;
						LastSwiftMigration = 1020;
						TestTargetID = 20BD2E722265E97C00BB4899;
					};
					20BD2E912265E97E00BB4899 = {
						CreatedOnToolsVersion = 10.2;
						TestTargetID = 20BD2E722265E97C00BB4899;
					};
				};
			};
			buildConfigurationList = 20BD2E6E2265E97C00BB4899 /* Build configuration list for PBXProject "FizzBuzz" */;
			compatibilityVersion = "Xcode 9.3";
			developmentRegion = en;
			hasScannedForEncodings = 0;
			knownRegions = (
				en,
				Base,
			);
			mainGroup = 20BD2E6A2265E97C00BB4899;
			productRefGroup = 20BD2E742265E97C00BB4899 /* Products */;
			projectDirPath = "";
			projectRoot = "";
			targets = (
				20BD2E722265E97C00BB4899 /* FizzBuzz */,
				20BD2E862265E97E00BB4899 /* FizzBuzzTests */,
				20BD2E912265E97E00BB4899 /* FizzBuzzUITests */,
			);
		};
/* End PBXProject section */

/* Begin PBXResourcesBuildPhase section */
		20BD2E712265E97C00BB4899 /* Resources */ = {
			isa = PBXResourcesBuildPhase;
			buildActionMask = 2147483647;
			files = (
				20BD2E812265E97E00BB4899 /* LaunchScreen.storyboard in Resources */,
				20BD2E7E2265E97E00BB4899 /* Assets.xcassets in Resources */,
				20BD2E7C2265E97C00BB4899 /* Main.storyboard in Resources */,
			);
			runOnlyForDeploymentPostprocessing = 0;
		};
		20BD2E852265E97E00BB4899 /* Resources */ = {
			isa = PBXResourcesBuildPhase;
			buildActionMask = 2147483647;
			files = (
			);
			runOnlyForDeploymentPostprocessing = 0;
		};
		20BD2E902265E97E00BB4899 /* Resources */ = {
			isa = PBXResourcesBuildPhase;
			buildActionMask = 2147483647;
			files = (
			);
			runOnlyForDeploymentPostprocessing = 0;
		};
/* End PBXResourcesBuildPhase section */

/* Begin PBXSourcesBuildPhase section */
		20BD2E6F2265E97C00BB4899 /* Sources */ = {
			isa = PBXSourcesBuildPhase;
			buildActionMask = 2147483647;
			files = (
				20BD2E792265E97C00BB4899 /* ViewController.swift in Sources */,
				207A9F2A2265F0AF00AE7168 /* Brain.swift in Sources */,
				20BD2E772265E97C00BB4899 /* AppDelegate.swift in Sources */,
			);
			runOnlyForDeploymentPostprocessing = 0;
		};
		20BD2E832265E97E00BB4899 /* Sources */ = {
			isa = PBXSourcesBuildPhase;
			buildActionMask = 2147483647;
			files = (
				207A9F282265EF2F00AE7168 /* BrainTests.swift in Sources */,
			);
			runOnlyForDeploymentPostprocessing = 0;
		};
		20BD2E8E2265E97E00BB4899 /* Sources */ = {
			isa = PBXSourcesBuildPhase;
			buildActionMask = 2147483647;
			files = (
				20BD2E972265E97E00BB4899 /* FizzBuzzUITests.swift in Sources */,
			);
			runOnlyForDeploymentPostprocessing = 0;
		};
/* End PBXSourcesBuildPhase section */

/* Begin PBXTargetDependency section */
		20BD2E892265E97E00BB4899 /* PBXTargetDependency */ = {
			isa = PBXTargetDependency;
			target = 20BD2E722265E97C00BB4899 /* FizzBuzz */;
			targetProxy = 20BD2E882265E97E00BB4899 /* PBXContainerItemProxy */;
		};
		20BD2E942265E97E00BB4899 /* PBXTargetDependency */ = {
			isa = PBXTargetDependency;
			target = 20BD2E722265E97C00BB4899 /* FizzBuzz */;
			targetProxy = 20BD2E932265E97E00BB4899 /* PBXContainerItemProxy */;
		};
/* End PBXTargetDependency section */

/* Begin PBXVariantGroup section */
		20BD2E7A2265E97C00BB4899 /* Main.storyboard */ = {
			isa = PBXVariantGroup;
			children = (
				20BD2E7B2265E97C00BB4899 /* Base */,
			);
			name = Main.storyboard;
			sourceTree = "<group>";
		};
		20BD2E7F2265E97E00BB4899 /* LaunchScreen.storyboard */ = {
			isa = PBXVariantGroup;
			children = (
				20BD2E802265E97E00BB4899 /* Base */,
			);
			name = LaunchScreen.storyboard;
			sourceTree = "<group>";
		};
/* End PBXVariantGroup section */

/* Begin XCBuildConfiguration section */
		20BD2E992265E97E00BB4899 /* Debug */ = {
			isa = XCBuildConfiguration;
			buildSettings = {
				ALWAYS_SEARCH_USER_PATHS = NO;
				CLANG_ANALYZER_NONNULL = YES;
				CLANG_ANALYZER_NUMBER_OBJECT_CONVERSION = YES_AGGRESSIVE;
				CLANG_CXX_LANGUAGE_STANDARD = "gnu++14";
				CLANG_CXX_LIBRARY = "libc++";
				CLANG_ENABLE_MODULES = YES;
				CLANG_ENABLE_OBJC_ARC = YES;
				CLANG_ENABLE_OBJC_WEAK = YES;
				CLANG_WARN_BLOCK_CAPTURE_AUTORELEASING = YES;
				CLANG_WARN_BOOL_CONVERSION = YES;
				CLANG_WARN_COMMA = YES;
				CLANG_WARN_CONSTANT_CONVERSION = YES;
				CLANG_WARN_DEPRECATED_OBJC_IMPLEMENTATIONS = YES;
				CLANG_WARN_DIRECT_OBJC_ISA_USAGE = YES_ERROR;
				CLANG_WARN_DOCUMENTATION_COMMENTS = YES;
				CLANG_WARN_EMPTY_BODY = YES;
				CLANG_WARN_ENUM_CONVERSION = YES;
				CLANG_WARN_INFINITE_RECURSION = YES;
				CLANG_WARN_INT_CONVERSION = YES;
				CLANG_WARN_NON_LITERAL_NULL_CONVERSION = YES;
				CLANG_WARN_OBJC_IMPLICIT_RETAIN_SELF = YES;
				CLANG_WARN_OBJC_LITERAL_CONVERSION = YES;
				CLANG_WARN_OBJC_ROOT_CLASS = YES_ERROR;
				CLANG_WARN_RANGE_LOOP_ANALYSIS = YES;
				CLANG_WARN_STRICT_PROTOTYPES = YES;
				CLANG_WARN_SUSPICIOUS_MOVE = YES;
				CLANG_WARN_UNGUARDED_AVAILABILITY = YES_AGGRESSIVE;
				CLANG_WARN_UNREACHABLE_CODE = YES;
				CLANG_WARN__DUPLICATE_METHOD_MATCH = YES;
				CODE_SIGN_IDENTITY = "iPhone Developer";
				COPY_PHASE_STRIP = NO;
				DEBUG_INFORMATION_FORMAT = dwarf;
				ENABLE_STRICT_OBJC_MSGSEND = YES;
				ENABLE_TESTABILITY = YES;
				GCC_C_LANGUAGE_STANDARD = gnu11;
				GCC_DYNAMIC_NO_PIC = NO;
				GCC_NO_COMMON_BLOCKS = YES;
				GCC_OPTIMIZATION_LEVEL = 0;
				GCC_PREPROCESSOR_DEFINITIONS = (
					"DEBUG=1",
					"$(inherited)",
				);
				GCC_WARN_64_TO_32_BIT_CONVERSION = YES;
				GCC_WARN_ABOUT_RETURN_TYPE = YES_ERROR;
				GCC_WARN_UNDECLARED_SELECTOR = YES;
				GCC_WARN_UNINITIALIZED_AUTOS = YES_AGGRESSIVE;
				GCC_WARN_UNUSED_FUNCTION = YES;
				GCC_WARN_UNUSED_VARIABLE = YES;
				IPHONEOS_DEPLOYMENT_TARGET = 12.2;
				MTL_ENABLE_DEBUG_INFO = INCLUDE_SOURCE;
				MTL_FAST_MATH = YES;
				ONLY_ACTIVE_ARCH = YES;
				SDKROOT = iphoneos;
				SWIFT_ACTIVE_COMPILATION_CONDITIONS = DEBUG;
				SWIFT_OPTIMIZATION_LEVEL = "-Onone";
			};
			name = Debug;
		};
		20BD2E9A2265E97E00BB4899 /* Release */ = {
			isa = XCBuildConfiguration;
			buildSettings = {
				ALWAYS_SEARCH_USER_PATHS = NO;
				CLANG_ANALYZER_NONNULL = YES;
				CLANG_ANALYZER_NUMBER_OBJECT_CONVERSION = YES_AGGRESSIVE;
				CLANG_CXX_LANGUAGE_STANDARD = "gnu++14";
				CLANG_CXX_LIBRARY = "libc++";
				CLANG_ENABLE_MODULES = YES;
				CLANG_ENABLE_OBJC_ARC = YES;
				CLANG_ENABLE_OBJC_WEAK = YES;
				CLANG_WARN_BLOCK_CAPTURE_AUTORELEASING = YES;
				CLANG_WARN_BOOL_CONVERSION = YES;
				CLANG_WARN_COMMA = YES;
				CLANG_WARN_CONSTANT_CONVERSION = YES;
				CLANG_WARN_DEPRECATED_OBJC_IMPLEMENTATIONS = YES;
				CLANG_WARN_DIRECT_OBJC_ISA_USAGE = YES_ERROR;
				CLANG_WARN_DOCUMENTATION_COMMENTS = YES;
				CLANG_WARN_EMPTY_BODY = YES;
				CLANG_WARN_ENUM_CONVERSION = YES;
				CLANG_WARN_INFINITE_RECURSION = YES;
				CLANG_WARN_INT_CONVERSION = YES;
				CLANG_WARN_NON_LITERAL_NULL_CONVERSION = YES;
				CLANG_WARN_OBJC_IMPLICIT_RETAIN_SELF = YES;
				CLANG_WARN_OBJC_LITERAL_CONVERSION = YES;
				CLANG_WARN_OBJC_ROOT_CLASS = YES_ERROR;
				CLANG_WARN_RANGE_LOOP_ANALYSIS = YES;
				CLANG_WARN_STRICT_PROTOTYPES = YES;
				CLANG_WARN_SUSPICIOUS_MOVE = YES;
				CLANG_WARN_UNGUARDED_AVAILABILITY = YES_AGGRESSIVE;
				CLANG_WARN_UNREACHABLE_CODE = YES;
				CLANG_WARN__DUPLICATE_METHOD_MATCH = YES;
				CODE_SIGN_IDENTITY = "iPhone Developer";
				COPY_PHASE_STRIP = NO;
				DEBUG_INFORMATION_FORMAT = "dwarf-with-dsym";
				ENABLE_NS_ASSERTIONS = NO;
				ENABLE_STRICT_OBJC_MSGSEND = YES;
				GCC_C_LANGUAGE_STANDARD = gnu11;
				GCC_NO_COMMON_BLOCKS = YES;
				GCC_WARN_64_TO_32_BIT_CONVERSION = YES;
				GCC_WARN_ABOUT_RETURN_TYPE = YES_ERROR;
				GCC_WARN_UNDECLARED_SELECTOR = YES;
				GCC_WARN_UNINITIALIZED_AUTOS = YES_AGGRESSIVE;
				GCC_WARN_UNUSED_FUNCTION = YES;
				GCC_WARN_UNUSED_VARIABLE = YES;
				IPHONEOS_DEPLOYMENT_TARGET = 12.2;
				MTL_ENABLE_DEBUG_INFO = NO;
				MTL_FAST_MATH = YES;
				SDKROOT = iphoneos;
				SWIFT_COMPILATION_MODE = wholemodule;
				SWIFT_OPTIMIZATION_LEVEL = "-O";
				VALIDATE_PRODUCT = YES;
			};
			name = Release;
		};
		20BD2E9C2265E97E00BB4899 /* Debug */ = {
			isa = XCBuildConfiguration;
			buildSettings = {
				ASSETCATALOG_COMPILER_APPICON_NAME = AppIcon;
				CODE_SIGN_STYLE = Automatic;
				INFOPLIST_FILE = FizzBuzz/Info.plist;
				LD_RUNPATH_SEARCH_PATHS = (
					"$(inherited)",
					"@executable_path/Frameworks",
				);
				PRODUCT_BUNDLE_IDENTIFIER = com.makers.FizzBuzz;
				PRODUCT_NAME = "$(TARGET_NAME)";
				SWIFT_VERSION = 5.0;
				TARGETED_DEVICE_FAMILY = "1,2";
			};
			name = Debug;
		};
		20BD2E9D2265E97E00BB4899 /* Release */ = {
			isa = XCBuildConfiguration;
			buildSettings = {
				ASSETCATALOG_COMPILER_APPICON_NAME = AppIcon;
				CODE_SIGN_STYLE = Automatic;
				INFOPLIST_FILE = FizzBuzz/Info.plist;
				LD_RUNPATH_SEARCH_PATHS = (
					"$(inherited)",
					"@executable_path/Frameworks",
				);
				PRODUCT_BUNDLE_IDENTIFIER = com.makers.FizzBuzz;
				PRODUCT_NAME = "$(TARGET_NAME)";
				SWIFT_VERSION = 5.0;
				TARGETED_DEVICE_FAMILY = "1,2";
			};
			name = Release;
		};
		20BD2E9F2265E97E00BB4899 /* Debug */ = {
			isa = XCBuildConfiguration;
			buildSettings = {
				ALWAYS_EMBED_SWIFT_STANDARD_LIBRARIES = YES;
				BUNDLE_LOADER = "$(TEST_HOST)";
				CLANG_ENABLE_MODULES = YES;
				CODE_SIGN_STYLE = Automatic;
				INFOPLIST_FILE = FizzBuzzTests/Info.plist;
				LD_RUNPATH_SEARCH_PATHS = (
					"$(inherited)",
					"@executable_path/Frameworks",
					"@loader_path/Frameworks",
				);
				PRODUCT_BUNDLE_IDENTIFIER = com.makers.FizzBuzzTests;
				PRODUCT_NAME = "$(TARGET_NAME)";
				SWIFT_OPTIMIZATION_LEVEL = "-Onone";
				SWIFT_VERSION = 5.0;
				TARGETED_DEVICE_FAMILY = "1,2";
				TEST_HOST = "$(BUILT_PRODUCTS_DIR)/FizzBuzz.app/FizzBuzz";
			};
			name = Debug;
		};
		20BD2EA02265E97E00BB4899 /* Release */ = {
			isa = XCBuildConfiguration;
			buildSettings = {
				ALWAYS_EMBED_SWIFT_STANDARD_LIBRARIES = YES;
				BUNDLE_LOADER = "$(TEST_HOST)";
				CLANG_ENABLE_MODULES = YES;
				CODE_SIGN_STYLE = Automatic;
				INFOPLIST_FILE = FizzBuzzTests/Info.plist;
				LD_RUNPATH_SEARCH_PATHS = (
					"$(inherited)",
					"@executable_path/Frameworks",
					"@loader_path/Frameworks",
				);
				PRODUCT_BUNDLE_IDENTIFIER = com.makers.FizzBuzzTests;
				PRODUCT_NAME = "$(TARGET_NAME)";
				SWIFT_VERSION = 5.0;
				TARGETED_DEVICE_FAMILY = "1,2";
				TEST_HOST = "$(BUILT_PRODUCTS_DIR)/FizzBuzz.app/FizzBuzz";
			};
			name = Release;
		};
		20BD2EA22265E97E00BB4899 /* Debug */ = {
			isa = XCBuildConfiguration;
			buildSettings = {
				ALWAYS_EMBED_SWIFT_STANDARD_LIBRARIES = YES;
				CODE_SIGN_STYLE = Automatic;
				INFOPLIST_FILE = FizzBuzzUITests/Info.plist;
				LD_RUNPATH_SEARCH_PATHS = (
					"$(inherited)",
					"@executable_path/Frameworks",
					"@loader_path/Frameworks",
				);
				PRODUCT_BUNDLE_IDENTIFIER = com.makers.FizzBuzzUITests;
				PRODUCT_NAME = "$(TARGET_NAME)";
				SWIFT_VERSION = 5.0;
				TARGETED_DEVICE_FAMILY = "1,2";
				TEST_TARGET_NAME = FizzBuzz;
			};
			name = Debug;
		};
		20BD2EA32265E97E00BB4899 /* Release */ = {
			isa = XCBuildConfiguration;
			buildSettings = {
				ALWAYS_EMBED_SWIFT_STANDARD_LIBRARIES = YES;
				CODE_SIGN_STYLE = Automatic;
				INFOPLIST_FILE = FizzBuzzUITests/Info.plist;
				LD_RUNPATH_SEARCH_PATHS = (
					"$(inherited)",
					"@executable_path/Frameworks",
					"@loader_path/Frameworks",
				);
				PRODUCT_BUNDLE_IDENTIFIER = com.makers.FizzBuzzUITests;
				PRODUCT_NAME = "$(TARGET_NAME)";
				SWIFT_VERSION = 5.0;
				TARGETED_DEVICE_FAMILY = "1,2";
				TEST_TARGET_NAME = FizzBuzz;
			};
			name = Release;
		};
/* End XCBuildConfiguration section */

/* Begin XCConfigurationList section */
		20BD2E6E2265E97C00BB4899 /* Build configuration list for PBXProject "FizzBuzz" */ = {
			isa = XCConfigurationList;
			buildConfigurations = (
				20BD2E992265E97E00BB4899 /* Debug */,
				20BD2E9A2265E97E00BB4899 /* Release */,
			);
			defaultConfigurationIsVisible = 0;
			defaultConfigurationName = Release;
		};
		20BD2E9B2265E97E00BB4899 /* Build configuration list for PBXNativeTarget "FizzBuzz" */ = {
			isa = XCConfigurationList;
			buildConfigurations = (
				20BD2E9C2265E97E00BB4899 /* Debug */,
				20BD2E9D2265E97E00BB4899 /* Release */,
			);
			defaultConfigurationIsVisible = 0;
			defaultConfigurationName = Release;
		};
		20BD2E9E2265E97E00BB4899 /* Build configuration list for PBXNativeTarget "FizzBuzzTests" */ = {
			isa = XCConfigurationList;
			buildConfigurations = (
				20BD2E9F2265E97E00BB4899 /* Debug */,
				20BD2EA02265E97E00BB4899 /* Release */,
			);
			defaultConfigurationIsVisible = 0;
			defaultConfigurationName = Release;
		};
		20BD2EA12265E97E00BB4899 /* Build configuration list for PBXNativeTarget "FizzBuzzUITests" */ = {
			isa = XCConfigurationList;
			buildConfigurations = (
				20BD2EA22265E97E00BB4899 /* Debug */,
				20BD2EA32265E97E00BB4899 /* Release */,
			);
			defaultConfigurationIsVisible = 0;
			defaultConfigurationName = Release;
		};
/* End XCConfigurationList section */
	};
	rootObject = 20BD2E6B2265E97C00BB4899 /* Project object */;
}
